
Microsoft Visual Studio Solution File, Format Version 12.00
Project("{FAE04EC0-301F-11D3-BF4B-00C04F79EFBC}") = "Calculadora", "Calculadora\Calculadora.csproj", "{2BBD4267-089B-44C2-88E4-C045B93B359F}"
EndProject
Project("{FAE04EC0-301F-11D3-BF4B-00C04F79EFBC}") = "CalculadoraTestes", "CalculadoraTestes\CalculadoraTestes.csproj", "{A4868C14-9E91-4800-BA1F-15F2743B3A13}"
EndProject
Global
	GlobalSection(SolutionConfigurationPlatforms) = preSolution
		Debug|Any CPU = Debug|Any CPU
		Release|Any CPU = Release|Any CPU
	EndGlobalSection
	GlobalSection(ProjectConfigurationPlatforms) = postSolution
		{2BBD4267-089B-44C2-88E4-C045B93B359F}.Debug|Any CPU.ActiveCfg = Debug|Any CPU
		{2BBD4267-089B-44C2-88E4-C045B93B359F}.Debug|Any CPU.Build.0 = Debug|Any CPU
		{2BBD4267-089B-44C2-88E4-C045B93B359F}.Release|Any CPU.ActiveCfg = Release|Any CPU
		{2BBD4267-089B-44C2-88E4-C045B93B359F}.Release|Any CPU.Build.0 = Release|Any CPU
		{A4868C14-9E91-4800-BA1F-15F2743B3A13}.Debug|Any CPU.ActiveCfg = Debug|Any CPU
		{A4868C14-9E91-4800-BA1F-15F2743B3A13}.Debug|Any CPU.Build.0 = Debug|Any CPU
		{A4868C14-9E91-4800-BA1F-15F2743B3A13}.Release|Any CPU.ActiveCfg = Release|Any CPU
		{A4868C14-9E91-4800-BA1F-15F2743B3A13}.Release|Any CPU.Build.0 = Release|Any CPU
	EndGlobalSection
EndGlobal
